{
  "name": "registrationform",
  "version": "0.1.0",
  "lockfileVersion": 3,
  "requires": true,
  "packages": {
    "": {
      "name": "registrationform",
      "version": "0.1.0",
      "dependencies": {
        "cra-template": "1.2.0",
        "web-vitals": "^4.2.4"
      }
    },
    "node_modules/cra-template": {
      "version": "1.2.0",
      "resolved": "https://registry.npmjs.org/cra-template/-/cra-template-1.2.0.tgz",
      "integrity": "sha512-06WBUmTq79NvqU91Y9OPCXv/ENy/UkUmQS0lBrOYCl/4f4l67idnGbBARDGLopCHfff6pf6UftcFRWHg+CVfRw==",
      "license": "MIT",
      "engines": {
        "node": ">=14"
      }
    },
    "node_modules/web-vitals": {
      "version": "4.2.4",
      "resolved": "https://registry.npmjs.org/web-vitals/-/web-vitals-4.2.4.tgz",
      "integrity": "sha512-r4DIlprAGwJ7YM11VZp4R884m0Vmgr6EAKe3P+kO0PPj3Unqyvv59rczf6UiGcb9Z8QxZVcqKNwv/g0WNdWwsw==",
      "license": "Apache-2.0"
    }
  }
}
